
Microsoft Visual Studio Solution File, Format Version 12.00
# Visual Studio 15
VisualStudioVersion = 15.0.26124.0
MinimumVisualStudioVersion = 15.0.26124.0
Project("{FAE04EC0-301F-11D3-BF4B-00C04F79EFBC}") = "API", "API\API.csproj", "{1BED1CB2-319F-4C44-B768-F10AB1293270}"
EndProject
Project("{FAE04EC0-301F-11D3-BF4B-00C04F79EFBC}") = "Domain", "Domain\Domain.csproj", "{3A25D331-82E0-411F-B553-8EF64E069A9F}"
EndProject
Project("{FAE04EC0-301F-11D3-BF4B-00C04F79EFBC}") = "Persistence", "Persistence\Persistence.csproj", "{875D4BDC-7436-417C-97DC-98BAC3265406}"
EndProject
Global
	GlobalSection(SolutionConfigurationPlatforms) = preSolution
		Debug|Any CPU = Debug|Any CPU
		Debug|x64 = Debug|x64
		Debug|x86 = Debug|x86
		Release|Any CPU = Release|Any CPU
		Release|x64 = Release|x64
		Release|x86 = Release|x86
	EndGlobalSection
	GlobalSection(SolutionProperties) = preSolution
		HideSolutionNode = FALSE
	EndGlobalSection
	GlobalSection(ProjectConfigurationPlatforms) = postSolution
		{1BED1CB2-319F-4C44-B768-F10AB1293270}.Debug|Any CPU.ActiveCfg = Debug|Any CPU
		{1BED1CB2-319F-4C44-B768-F10AB1293270}.Debug|Any CPU.Build.0 = Debug|Any CPU
		{1BED1CB2-319F-4C44-B768-F10AB1293270}.Debug|x64.ActiveCfg = Debug|Any CPU
		{1BED1CB2-319F-4C44-B768-F10AB1293270}.Debug|x64.Build.0 = Debug|Any CPU
		{1BED1CB2-319F-4C44-B768-F10AB1293270}.Debug|x86.ActiveCfg = Debug|Any CPU
		{1BED1CB2-319F-4C44-B768-F10AB1293270}.Debug|x86.Build.0 = Debug|Any CPU
		{1BED1CB2-319F-4C44-B768-F10AB1293270}.Release|Any CPU.ActiveCfg = Release|Any CPU
		{1BED1CB2-319F-4C44-B768-F10AB1293270}.Release|Any CPU.Build.0 = Release|Any CPU
		{1BED1CB2-319F-4C44-B768-F10AB1293270}.Release|x64.ActiveCfg = Release|Any CPU
		{1BED1CB2-319F-4C44-B768-F10AB1293270}.Release|x64.Build.0 = Release|Any CPU
		{1BED1CB2-319F-4C44-B768-F10AB1293270}.Release|x86.ActiveCfg = Release|Any CPU
		{1BED1CB2-319F-4C44-B768-F10AB1293270}.Release|x86.Build.0 = Release|Any CPU
		{3A25D331-82E0-411F-B553-8EF64E069A9F}.Debug|Any CPU.ActiveCfg = Debug|Any CPU
		{3A25D331-82E0-411F-B553-8EF64E069A9F}.Debug|Any CPU.Build.0 = Debug|Any CPU
		{3A25D331-82E0-411F-B553-8EF64E069A9F}.Debug|x64.ActiveCfg = Debug|Any CPU
		{3A25D331-82E0-411F-B553-8EF64E069A9F}.Debug|x64.Build.0 = Debug|Any CPU
		{3A25D331-82E0-411F-B553-8EF64E069A9F}.Debug|x86.ActiveCfg = Debug|Any CPU
		{3A25D331-82E0-411F-B553-8EF64E069A9F}.Debug|x86.Build.0 = Debug|Any CPU
		{3A25D331-82E0-411F-B553-8EF64E069A9F}.Release|Any CPU.ActiveCfg = Release|Any CPU
		{3A25D331-82E0-411F-B553-8EF64E069A9F}.Release|Any CPU.Build.0 = Release|Any CPU
		{3A25D331-82E0-411F-B553-8EF64E069A9F}.Release|x64.ActiveCfg = Release|Any CPU
		{3A25D331-82E0-411F-B553-8EF64E069A9F}.Release|x64.Build.0 = Release|Any CPU
		{3A25D331-82E0-411F-B553-8EF64E069A9F}.Release|x86.ActiveCfg = Release|Any CPU
		{3A25D331-82E0-411F-B553-8EF64E069A9F}.Release|x86.Build.0 = Release|Any CPU
		{875D4BDC-7436-417C-97DC-98BAC3265406}.Debug|Any CPU.ActiveCfg = Debug|Any CPU
		{875D4BDC-7436-417C-97DC-98BAC3265406}.Debug|Any CPU.Build.0 = Debug|Any CPU
		{875D4BDC-7436-417C-97DC-98BAC3265406}.Debug|x64.ActiveCfg = Debug|Any CPU
		{875D4BDC-7436-417C-97DC-98BAC3265406}.Debug|x64.Build.0 = Debug|Any CPU
		{875D4BDC-7436-417C-97DC-98BAC3265406}.Debug|x86.ActiveCfg = Debug|Any CPU
		{875D4BDC-7436-417C-97DC-98BAC3265406}.Debug|x86.Build.0 = Debug|Any CPU
		{875D4BDC-7436-417C-97DC-98BAC3265406}.Release|Any CPU.ActiveCfg = Release|Any CPU
		{875D4BDC-7436-417C-97DC-98BAC3265406}.Release|Any CPU.Build.0 = Release|Any CPU
		{875D4BDC-7436-417C-97DC-98BAC3265406}.Release|x64.ActiveCfg = Release|Any CPU
		{875D4BDC-7436-417C-97DC-98BAC3265406}.Release|x64.Build.0 = Release|Any CPU
		{875D4BDC-7436-417C-97DC-98BAC3265406}.Release|x86.ActiveCfg = Release|Any CPU
		{875D4BDC-7436-417C-97DC-98BAC3265406}.Release|x86.Build.0 = Release|Any CPU
	EndGlobalSection
EndGlobal
